
Microsoft Visual Studio Solution File, Format Version 12.00
# Visual Studio Version 16
VisualStudioVersion = 16.0.29123.89
MinimumVisualStudioVersion = 10.0.40219.1
Project("{FAE04EC0-301F-11D3-BF4B-00C04F79EFBC}") = "VectorExc1", "VectorExc1.csproj", "{8C002808-44B0-4106-8540-287C0F3C78A3}"
EndProject
Global
	GlobalSection(SolutionConfigurationPlatforms) = preSolution
		Debug|Any CPU = Debug|Any CPU
		Release|Any CPU = Release|Any CPU
	EndGlobalSection
	GlobalSection(ProjectConfigurationPlatforms) = postSolution
		{8C002808-44B0-4106-8540-287C0F3C78A3}.Debug|Any CPU.ActiveCfg = Debug|Any CPU
		{8C002808-44B0-4106-8540-287C0F3C78A3}.Debug|Any CPU.Build.0 = Debug|Any CPU
		{8C002808-44B0-4106-8540-287C0F3C78A3}.Release|Any CPU.ActiveCfg = Release|Any CPU
		{8C002808-44B0-4106-8540-287C0F3C78A3}.Release|Any CPU.Build.0 = Release|Any CPU
	EndGlobalSection
	GlobalSection(SolutionProperties) = preSolution
		HideSolutionNode = FALSE
	EndGlobalSection
	GlobalSection(ExtensibilityGlobals) = postSolution
		SolutionGuid = {40E6A0D5-57DD-4FBA-A578-CBE2CD400251}
	EndGlobalSection
EndGlobal
